
Microsoft Visual Studio Solution File, Format Version 12.00
# Visual Studio Version 16
VisualStudioVersion = 16.0.30717.126
MinimumVisualStudioVersion = 10.0.40219.1
Project("{FAE04EC0-301F-11D3-BF4B-00C04F79EFBC}") = "FlightRegistrationApp", "FlightRegistrationApp\FlightRegistrationApp.csproj", "{FC155D58-2D5B-484E-A682-083627536C9A}"
EndProject
Global
	GlobalSection(SolutionConfigurationPlatforms) = preSolution
		Debug|Any CPU = Debug|Any CPU
		Release|Any CPU = Release|Any CPU
	EndGlobalSection
	GlobalSection(ProjectConfigurationPlatforms) = postSolution
		{FC155D58-2D5B-484E-A682-083627536C9A}.Debug|Any CPU.ActiveCfg = Debug|Any CPU
		{FC155D58-2D5B-484E-A682-083627536C9A}.Debug|Any CPU.Build.0 = Debug|Any CPU
		{FC155D58-2D5B-484E-A682-083627536C9A}.Release|Any CPU.ActiveCfg = Release|Any CPU
		{FC155D58-2D5B-484E-A682-083627536C9A}.Release|Any CPU.Build.0 = Release|Any CPU
	EndGlobalSection
	GlobalSection(SolutionProperties) = preSolution
		HideSolutionNode = FALSE
	EndGlobalSection
	GlobalSection(ExtensibilityGlobals) = postSolution
		SolutionGuid = {E2DFD12F-FB13-480E-90D2-70A859F8CA5C}
	EndGlobalSection
EndGlobal
