
Microsoft Visual Studio Solution File, Format Version 12.00
# Visual Studio Version 16
VisualStudioVersion = 16.0.32002.261
MinimumVisualStudioVersion = 10.0.40219.1
Project("{FAE04EC0-301F-11D3-BF4B-00C04F79EFBC}") = "ProjectWeek02", "ProjectWeek02\ProjectWeek02.csproj", "{8F166B24-7C21-4714-8D69-2A52BE711CCB}"
EndProject
Global
	GlobalSection(SolutionConfigurationPlatforms) = preSolution
		Debug|Any CPU = Debug|Any CPU
		Release|Any CPU = Release|Any CPU
	EndGlobalSection
	GlobalSection(ProjectConfigurationPlatforms) = postSolution
		{8F166B24-7C21-4714-8D69-2A52BE711CCB}.Debug|Any CPU.ActiveCfg = Debug|Any CPU
		{8F166B24-7C21-4714-8D69-2A52BE711CCB}.Debug|Any CPU.Build.0 = Debug|Any CPU
		{8F166B24-7C21-4714-8D69-2A52BE711CCB}.Release|Any CPU.ActiveCfg = Release|Any CPU
		{8F166B24-7C21-4714-8D69-2A52BE711CCB}.Release|Any CPU.Build.0 = Release|Any CPU
	EndGlobalSection
	GlobalSection(SolutionProperties) = preSolution
		HideSolutionNode = FALSE
	EndGlobalSection
	GlobalSection(ExtensibilityGlobals) = postSolution
		SolutionGuid = {CFECF3F0-08DF-40CD-B82E-1F0B28C26608}
	EndGlobalSection
EndGlobal
